{
  "name": "identity-dev-docs",
  "version": "1.0.0",
  "lockfileVersion": 1,
  "requires": true,
  "dependencies": {
    "identity-style-guide": {
      "version": "1.1.0",
      "resolved": "https://registry.npmjs.org/identity-style-guide/-/identity-style-guide-1.1.0.tgz",
      "integrity": "sha512-DEKswFE+n4wOSsA08DnQxZpWui2Je48GufYW4BB/xH8nkTE+fgFq7NXgMF/w04up0Z6nZSb2LmlNfvMsUgu99Q=="
    }
  }
}
