{
  "name": "identity-dev-docs",
  "version": "1.0.0",
  "lockfileVersion": 1,
  "requires": true,
  "dependencies": {
    "identity-style-guide": {
      "version": "1.0.1",
      "resolved": "https://registry.npmjs.org/identity-style-guide/-/identity-style-guide-1.0.1.tgz",
      "integrity": "sha512-axDAz21Z8eFEQU2jPIPrw4+MpxYbFSBM3gq/fYfHo5Ip8Pxw9yUSTncNwQVFULu9ot4GoUg/StIsjGN1xlmg2Q=="
    }
  }
}
