{
  "name": "identity-dev-docs",
  "version": "1.0.0",
  "lockfileVersion": 1,
  "requires": true,
  "dependencies": {
    "identity-style-guide": {
      "version": "2.1.6",
      "resolved": "https://registry.npmjs.org/identity-style-guide/-/identity-style-guide-2.1.6.tgz",
      "integrity": "sha512-y+VMPC+ct2yjiVVaeqQ0W11zHZRHcbuvvnTYe+C4DOtnS2Z9dzcReMM8kOXPPodE/j+zac1nC3AUDZS/VwbKSQ==",
      "requires": {
        "zxcvbn": "^4.4.2"
      }
    },
    "zxcvbn": {
      "version": "4.4.2",
      "resolved": "https://registry.npmjs.org/zxcvbn/-/zxcvbn-4.4.2.tgz",
      "integrity": "sha1-KOwXzwl0PtyrBW3dixsGJizHPDA="
    }
  }
}
